
Microsoft Visual Studio Solution File, Format Version 11.00
# Visual Studio 2010
Project("{FAE04EC0-301F-11D3-BF4B-00C04F79EFBC}") = "openpass_cs", "openpass_cs\openpass_cs.csproj", "{EF7F43AD-3D2C-4A3F-AAC8-97C9203F3A36}"
EndProject
Global
	GlobalSection(SolutionConfigurationPlatforms) = preSolution
		Debug|x86 = Debug|x86
		Release|x86 = Release|x86
	EndGlobalSection
	GlobalSection(ProjectConfigurationPlatforms) = postSolution
		{EF7F43AD-3D2C-4A3F-AAC8-97C9203F3A36}.Debug|x86.ActiveCfg = Debug|x86
		{EF7F43AD-3D2C-4A3F-AAC8-97C9203F3A36}.Debug|x86.Build.0 = Debug|x86
		{EF7F43AD-3D2C-4A3F-AAC8-97C9203F3A36}.Release|x86.ActiveCfg = Release|x86
		{EF7F43AD-3D2C-4A3F-AAC8-97C9203F3A36}.Release|x86.Build.0 = Release|x86
	EndGlobalSection
	GlobalSection(MonoDevelopProperties) = preSolution
		StartupItem = openpass_cs\openpass_cs.csproj
	EndGlobalSection
EndGlobal
